// !$*UTF8*$!
{
	archiveVersion = 1;
	classes = {
	};
	objectVersion = 46;
	objects = {

/* Begin PBXBuildFile section */
		1CFD2F6E04F3945824A35E60 /* Pods.framework in Frameworks */ = {isa = PBXBuildFile; fileRef = FF24A720D5B5A692FF609790 /* Pods.framework */; settings = {ATTRIBUTES = (Weak, ); }; };
		1F278B3A1A45D1FD00BACAED /* UserInfo.tail in Resources */ = {isa = PBXBuildFile; fileRef = 1F278B391A45D1FD00BACAED /* UserInfo.tail */; };
		1F278B3C1A45D83B00BACAED /* Wishlist.tail in Resources */ = {isa = PBXBuildFile; fileRef = 1F278B3B1A45D83B00BACAED /* Wishlist.tail */; };
		1F6CF8501A3698C5002BDA2F /* AppDelegate.swift in Sources */ = {isa = PBXBuildFile; fileRef = 1F6CF84F1A3698C5002BDA2F /* AppDelegate.swift */; };
		1F6CF8521A3698C5002BDA2F /* ViewController.swift in Sources */ = {isa = PBXBuildFile; fileRef = 1F6CF8511A3698C5002BDA2F /* ViewController.swift */; };
		1F6CF8551A3698C5002BDA2F /* Main.storyboard in Resources */ = {isa = PBXBuildFile; fileRef = 1F6CF8531A3698C5002BDA2F /* Main.storyboard */; };
		1F6CF8571A3698C5002BDA2F /* Images.xcassets in Resources */ = {isa = PBXBuildFile; fileRef = 1F6CF8561A3698C5002BDA2F /* Images.xcassets */; };
		1F6CF85A1A3698C5002BDA2F /* LaunchScreen.xib in Resources */ = {isa = PBXBuildFile; fileRef = 1F6CF8581A3698C5002BDA2F /* LaunchScreen.xib */; };
		1F6CF8661A3698C5002BDA2F /* UntappdAPITests.swift in Sources */ = {isa = PBXBuildFile; fileRef = 1F6CF8651A3698C5002BDA2F /* UntappdAPITests.swift */; };
		1F6CF87F1A369CB4002BDA2F /* Untappd.swift in Sources */ = {isa = PBXBuildFile; fileRef = 1F6CF87E1A369CB4002BDA2F /* Untappd.swift */; };
		1F856AE51A43624900DF585D /* Security.framework in Frameworks */ = {isa = PBXBuildFile; fileRef = 1F856AE41A43624900DF585D /* Security.framework */; };
		1F856AE91A44D31A00DF585D /* Settings.bundle in Resources */ = {isa = PBXBuildFile; fileRef = 1F856AE81A44D31A00DF585D /* Settings.bundle */; };
		C31FF4C11FAA84FC2897C160 /* Pods_UntappdAPITests.framework in Frameworks */ = {isa = PBXBuildFile; fileRef = 3394D3892785BDCBBAB85AA3 /* Pods_UntappdAPITests.framework */; settings = {ATTRIBUTES = (Weak, ); }; };
/* End PBXBuildFile section */

/* Begin PBXContainerItemProxy section */
		1F6CF8601A3698C5002BDA2F /* PBXContainerItemProxy */ = {
			isa = PBXContainerItemProxy;
			containerPortal = 1F6CF8421A3698C5002BDA2F /* Project object */;
			proxyType = 1;
			remoteGlobalIDString = 1F6CF8491A3698C5002BDA2F;
			remoteInfo = UntappdAPI;
		};
/* End PBXContainerItemProxy section */

/* Begin PBXCopyFilesBuildPhase section */
		1F6CF87B1A3699A8002BDA2F /* Copy Frameworks */ = {
			isa = PBXCopyFilesBuildPhase;
			buildActionMask = 2147483647;
			dstPath = "";
			dstSubfolderSpec = 10;
			files = (
			);
			name = "Copy Frameworks";
			runOnlyForDeploymentPostprocessing = 0;
		};
/* End PBXCopyFilesBuildPhase section */

/* Begin PBXFileReference section */
		1EB5F0FF04717E1D69E82755 /* Pods.release.xcconfig */ = {isa = PBXFileReference; includeInIndex = 1; lastKnownFileType = text.xcconfig; name = Pods.release.xcconfig; path = "Pods/Target Support Files/Pods/Pods.release.xcconfig"; sourceTree = "<group>"; };
		1F278B391A45D1FD00BACAED /* UserInfo.tail */ = {isa = PBXFileReference; fileEncoding = 4; lastKnownFileType = text; path = UserInfo.tail; sourceTree = "<group>"; };
		1F278B3B1A45D83B00BACAED /* Wishlist.tail */ = {isa = PBXFileReference; fileEncoding = 4; lastKnownFileType = text; path = Wishlist.tail; sourceTree = "<group>"; };
		1F6C66031A390DC6003482A6 /* UntappdAPI-Bridging-Header.h */ = {isa = PBXFileReference; lastKnownFileType = sourcecode.c.h; path = "UntappdAPI-Bridging-Header.h"; sourceTree = "<group>"; };
		1F6CF84A1A3698C5002BDA2F /* UntappdAPI.app */ = {isa = PBXFileReference; explicitFileType = wrapper.application; includeInIndex = 0; path = UntappdAPI.app; sourceTree = BUILT_PRODUCTS_DIR; };
		1F6CF84E1A3698C5002BDA2F /* Info.plist */ = {isa = PBXFileReference; lastKnownFileType = text.plist.xml; path = Info.plist; sourceTree = "<group>"; };
		1F6CF84F1A3698C5002BDA2F /* AppDelegate.swift */ = {isa = PBXFileReference; lastKnownFileType = sourcecode.swift; path = AppDelegate.swift; sourceTree = "<group>"; };
		1F6CF8511A3698C5002BDA2F /* ViewController.swift */ = {isa = PBXFileReference; lastKnownFileType = sourcecode.swift; path = ViewController.swift; sourceTree = "<group>"; };
		1F6CF8541A3698C5002BDA2F /* Base */ = {isa = PBXFileReference; lastKnownFileType = file.storyboard; name = Base; path = Base.lproj/Main.storyboard; sourceTree = "<group>"; };
		1F6CF8561A3698C5002BDA2F /* Images.xcassets */ = {isa = PBXFileReference; lastKnownFileType = folder.assetcatalog; path = Images.xcassets; sourceTree = "<group>"; };
		1F6CF8591A3698C5002BDA2F /* Base */ = {isa = PBXFileReference; lastKnownFileType = file.xib; name = Base; path = Base.lproj/LaunchScreen.xib; sourceTree = "<group>"; };
		1F6CF85F1A3698C5002BDA2F /* UntappdAPITests.xctest */ = {isa = PBXFileReference; explicitFileType = wrapper.cfbundle; includeInIndex = 0; path = UntappdAPITests.xctest; sourceTree = BUILT_PRODUCTS_DIR; };
		1F6CF8641A3698C5002BDA2F /* Info.plist */ = {isa = PBXFileReference; lastKnownFileType = text.plist.xml; path = Info.plist; sourceTree = "<group>"; };
		1F6CF8651A3698C5002BDA2F /* UntappdAPITests.swift */ = {isa = PBXFileReference; lastKnownFileType = sourcecode.swift; path = UntappdAPITests.swift; sourceTree = "<group>"; };
		1F6CF87E1A369CB4002BDA2F /* Untappd.swift */ = {isa = PBXFileReference; fileEncoding = 4; lastKnownFileType = sourcecode.swift; path = Untappd.swift; sourceTree = "<group>"; };
		1F856AE41A43624900DF585D /* Security.framework */ = {isa = PBXFileReference; lastKnownFileType = wrapper.framework; name = Security.framework; path = System/Library/Frameworks/Security.framework; sourceTree = SDKROOT; };
		1F856AE81A44D31A00DF585D /* Settings.bundle */ = {isa = PBXFileReference; lastKnownFileType = "wrapper.plug-in"; path = Settings.bundle; sourceTree = "<group>"; };
		24A40F648D25DB3E47EE6FC2 /* Pods.debug.xcconfig */ = {isa = PBXFileReference; includeInIndex = 1; lastKnownFileType = text.xcconfig; name = Pods.debug.xcconfig; path = "Pods/Target Support Files/Pods/Pods.debug.xcconfig"; sourceTree = "<group>"; };
		27658F198C0DEF378C02210F /* Pods-UntappdAPITests.release.xcconfig */ = {isa = PBXFileReference; includeInIndex = 1; lastKnownFileType = text.xcconfig; name = "Pods-UntappdAPITests.release.xcconfig"; path = "Pods/Target Support Files/Pods-UntappdAPITests/Pods-UntappdAPITests.release.xcconfig"; sourceTree = "<group>"; };
		3394D3892785BDCBBAB85AA3 /* Pods_UntappdAPITests.framework */ = {isa = PBXFileReference; explicitFileType = wrapper.framework; includeInIndex = 0; path = Pods_UntappdAPITests.framework; sourceTree = BUILT_PRODUCTS_DIR; };
		C3E8A5FEAC9870EF63F60687 /* Pods-UntappdAPITests.debug.xcconfig */ = {isa = PBXFileReference; includeInIndex = 1; lastKnownFileType = text.xcconfig; name = "Pods-UntappdAPITests.debug.xcconfig"; path = "Pods/Target Support Files/Pods-UntappdAPITests/Pods-UntappdAPITests.debug.xcconfig"; sourceTree = "<group>"; };
		FF24A720D5B5A692FF609790 /* Pods.framework */ = {isa = PBXFileReference; explicitFileType = wrapper.framework; includeInIndex = 0; path = Pods.framework; sourceTree = BUILT_PRODUCTS_DIR; };
/* End PBXFileReference section */

/* Begin PBXFrameworksBuildPhase section */
		1F6CF8471A3698C5002BDA2F /* Frameworks */ = {
			isa = PBXFrameworksBuildPhase;
			buildActionMask = 2147483647;
			files = (
				1F856AE51A43624900DF585D /* Security.framework in Frameworks */,
				1CFD2F6E04F3945824A35E60 /* Pods.framework in Frameworks */,
			);
			runOnlyForDeploymentPostprocessing = 0;
		};
		1F6CF85C1A3698C5002BDA2F /* Frameworks */ = {
			isa = PBXFrameworksBuildPhase;
			buildActionMask = 2147483647;
			files = (
				C31FF4C11FAA84FC2897C160 /* Pods_UntappdAPITests.framework in Frameworks */,
			);
			runOnlyForDeploymentPostprocessing = 0;
		};
/* End PBXFrameworksBuildPhase section */

/* Begin PBXGroup section */
		1F278B371A45D1CC00BACAED /* Mocktails */ = {
			isa = PBXGroup;
			children = (
				1F278B391A45D1FD00BACAED /* UserInfo.tail */,
				1F278B3B1A45D83B00BACAED /* Wishlist.tail */,
			);
			path = Mocktails;
			sourceTree = "<group>";
		};
		1F6CF8411A3698C5002BDA2F = {
			isa = PBXGroup;
			children = (
				1F278B371A45D1CC00BACAED /* Mocktails */,
				1F6CF84C1A3698C5002BDA2F /* UntappdAPI */,
				1F6CF8621A3698C5002BDA2F /* UntappdAPITests */,
				1F6CF86F1A36990A002BDA2F /* Frameworks */,
				1F6CF84B1A3698C5002BDA2F /* Products */,
				709378ED08FD480A1275139A /* Pods */,
			);
			sourceTree = "<group>";
		};
		1F6CF84B1A3698C5002BDA2F /* Products */ = {
			isa = PBXGroup;
			children = (
				1F6CF84A1A3698C5002BDA2F /* UntappdAPI.app */,
				1F6CF85F1A3698C5002BDA2F /* UntappdAPITests.xctest */,
			);
			name = Products;
			sourceTree = "<group>";
		};
		1F6CF84C1A3698C5002BDA2F /* UntappdAPI */ = {
			isa = PBXGroup;
			children = (
				1F6CF87E1A369CB4002BDA2F /* Untappd.swift */,
				1F6CF84F1A3698C5002BDA2F /* AppDelegate.swift */,
				1F6CF8511A3698C5002BDA2F /* ViewController.swift */,
				1F6CF8531A3698C5002BDA2F /* Main.storyboard */,
				1F6CF8561A3698C5002BDA2F /* Images.xcassets */,
				1F6CF8581A3698C5002BDA2F /* LaunchScreen.xib */,
				1F6CF84D1A3698C5002BDA2F /* Supporting Files */,
			);
			path = UntappdAPI;
			sourceTree = "<group>";
		};
		1F6CF84D1A3698C5002BDA2F /* Supporting Files */ = {
			isa = PBXGroup;
			children = (
				1F6C66031A390DC6003482A6 /* UntappdAPI-Bridging-Header.h */,
				1F6CF84E1A3698C5002BDA2F /* Info.plist */,
				1F856AE81A44D31A00DF585D /* Settings.bundle */,
			);
			name = "Supporting Files";
			sourceTree = "<group>";
		};
		1F6CF8621A3698C5002BDA2F /* UntappdAPITests */ = {
			isa = PBXGroup;
			children = (
				1F6CF8651A3698C5002BDA2F /* UntappdAPITests.swift */,
				1F6CF8631A3698C5002BDA2F /* Supporting Files */,
			);
			path = UntappdAPITests;
			sourceTree = "<group>";
		};
		1F6CF8631A3698C5002BDA2F /* Supporting Files */ = {
			isa = PBXGroup;
			children = (
				1F6CF8641A3698C5002BDA2F /* Info.plist */,
			);
			name = "Supporting Files";
			sourceTree = "<group>";
		};
		1F6CF86F1A36990A002BDA2F /* Frameworks */ = {
			isa = PBXGroup;
			children = (
				1F856AE41A43624900DF585D /* Security.framework */,
				FF24A720D5B5A692FF609790 /* Pods.framework */,
				3394D3892785BDCBBAB85AA3 /* Pods_UntappdAPITests.framework */,
			);
			name = Frameworks;
			sourceTree = "<group>";
		};
		709378ED08FD480A1275139A /* Pods */ = {
			isa = PBXGroup;
			children = (
				24A40F648D25DB3E47EE6FC2 /* Pods.debug.xcconfig */,
				1EB5F0FF04717E1D69E82755 /* Pods.release.xcconfig */,
				C3E8A5FEAC9870EF63F60687 /* Pods-UntappdAPITests.debug.xcconfig */,
				27658F198C0DEF378C02210F /* Pods-UntappdAPITests.release.xcconfig */,
			);
			name = Pods;
			sourceTree = "<group>";
		};
/* End PBXGroup section */

/* Begin PBXNativeTarget section */
		1F6CF8491A3698C5002BDA2F /* UntappdAPI */ = {
			isa = PBXNativeTarget;
			buildConfigurationList = 1F6CF8691A3698C5002BDA2F /* Build configuration list for PBXNativeTarget "UntappdAPI" */;
			buildPhases = (
				2ED22F40E19DBC63611471F1 /* Check Pods Manifest.lock */,
				1F6CF8461A3698C5002BDA2F /* Sources */,
				1F6CF8471A3698C5002BDA2F /* Frameworks */,
				1F6CF8481A3698C5002BDA2F /* Resources */,
				1F6CF87B1A3699A8002BDA2F /* Copy Frameworks */,
				16A1653B872B16E72B8F65F4 /* Copy Pods Resources */,
				A796444D7DB6B771DBABDDFE /* Embed Pods Frameworks */,
			);
			buildRules = (
			);
			dependencies = (
			);
			name = UntappdAPI;
			productName = UntappdAPI;
			productReference = 1F6CF84A1A3698C5002BDA2F /* UntappdAPI.app */;
			productType = "com.apple.product-type.application";
		};
		1F6CF85E1A3698C5002BDA2F /* UntappdAPITests */ = {
			isa = PBXNativeTarget;
			buildConfigurationList = 1F6CF86C1A3698C5002BDA2F /* Build configuration list for PBXNativeTarget "UntappdAPITests" */;
			buildPhases = (
				862AD8D5A1E81A698A097824 /* Check Pods Manifest.lock */,
				1F6CF85B1A3698C5002BDA2F /* Sources */,
				1F6CF85C1A3698C5002BDA2F /* Frameworks */,
				1F6CF85D1A3698C5002BDA2F /* Resources */,
				6AB4A4736AC379DC09D7658B /* Embed Pods Frameworks */,
				DE3AAAF519F09BE91932E62D /* Copy Pods Resources */,
			);
			buildRules = (
			);
			dependencies = (
				1F6CF8611A3698C5002BDA2F /* PBXTargetDependency */,
			);
			name = UntappdAPITests;
			productName = UntappdAPITests;
			productReference = 1F6CF85F1A3698C5002BDA2F /* UntappdAPITests.xctest */;
			productType = "com.apple.product-type.bundle.unit-test";
		};
/* End PBXNativeTarget section */

/* Begin PBXProject section */
		1F6CF8421A3698C5002BDA2F /* Project object */ = {
			isa = PBXProject;
			attributes = {
				LastUpgradeCheck = 0610;
				ORGANIZATIONNAME = "Jeff Kempista";
				TargetAttributes = {
					1F6CF8491A3698C5002BDA2F = {
						CreatedOnToolsVersion = 6.1.1;
					};
					1F6CF85E1A3698C5002BDA2F = {
						CreatedOnToolsVersion = 6.1.1;
						TestTargetID = 1F6CF8491A3698C5002BDA2F;
					};
				};
			};
			buildConfigurationList = 1F6CF8451A3698C5002BDA2F /* Build configuration list for PBXProject "UntappdAPI" */;
			compatibilityVersion = "Xcode 3.2";
			developmentRegion = English;
			hasScannedForEncodings = 0;
			knownRegions = (
				en,
				Base,
			);
			mainGroup = 1F6CF8411A3698C5002BDA2F;
			productRefGroup = 1F6CF84B1A3698C5002BDA2F /* Products */;
			projectDirPath = "";
			projectRoot = "";
			targets = (
				1F6CF8491A3698C5002BDA2F /* UntappdAPI */,
				1F6CF85E1A3698C5002BDA2F /* UntappdAPITests */,
			);
		};
/* End PBXProject section */

/* Begin PBXResourcesBuildPhase section */
		1F6CF8481A3698C5002BDA2F /* Resources */ = {
			isa = PBXResourcesBuildPhase;
			buildActionMask = 2147483647;
			files = (
				1F278B3C1A45D83B00BACAED /* Wishlist.tail in Resources */,
				1F278B3A1A45D1FD00BACAED /* UserInfo.tail in Resources */,
				1F856AE91A44D31A00DF585D /* Settings.bundle in Resources */,
				1F6CF8551A3698C5002BDA2F /* Main.storyboard in Resources */,
				1F6CF85A1A3698C5002BDA2F /* LaunchScreen.xib in Resources */,
				1F6CF8571A3698C5002BDA2F /* Images.xcassets in Resources */,
			);
			runOnlyForDeploymentPostprocessing = 0;
		};
		1F6CF85D1A3698C5002BDA2F /* Resources */ = {
			isa = PBXResourcesBuildPhase;
			buildActionMask = 2147483647;
			files = (
			);
			runOnlyForDeploymentPostprocessing = 0;
		};
/* End PBXResourcesBuildPhase section */

/* Begin PBXShellScriptBuildPhase section */
		16A1653B872B16E72B8F65F4 /* Copy Pods Resources */ = {
			isa = PBXShellScriptBuildPhase;
			buildActionMask = 2147483647;
			files = (
			);
			inputPaths = (
			);
			name = "Copy Pods Resources";
			outputPaths = (
			);
			runOnlyForDeploymentPostprocessing = 0;
			shellPath = /bin/sh;
			shellScript = "\"${SRCROOT}/Pods/Target Support Files/Pods/Pods-resources.sh\"\n";
			showEnvVarsInLog = 0;
		};
		2ED22F40E19DBC63611471F1 /* Check Pods Manifest.lock */ = {
			isa = PBXShellScriptBuildPhase;
			buildActionMask = 2147483647;
			files = (
			);
			inputPaths = (
			);
			name = "Check Pods Manifest.lock";
			outputPaths = (
			);
			runOnlyForDeploymentPostprocessing = 0;
			shellPath = /bin/sh;
			shellScript = "diff \"${PODS_ROOT}/../Podfile.lock\" \"${PODS_ROOT}/Manifest.lock\" > /dev/null\nif [[ $? != 0 ]] ; then\n    cat << EOM\nerror: The sandbox is not in sync with the Podfile.lock. Run 'pod install' or update your CocoaPods installation.\nEOM\n    exit 1\nfi\n";
			showEnvVarsInLog = 0;
		};
		6AB4A4736AC379DC09D7658B /* Embed Pods Frameworks */ = {
			isa = PBXShellScriptBuildPhase;
			buildActionMask = 2147483647;
			files = (
			);
			inputPaths = (
			);
			name = "Embed Pods Frameworks";
			outputPaths = (
			);
			runOnlyForDeploymentPostprocessing = 0;
			shellPath = /bin/sh;
			shellScript = "\"${SRCROOT}/Pods/Target Support Files/Pods-UntappdAPITests/Pods-UntappdAPITests-frameworks.sh\"\n";
			showEnvVarsInLog = 0;
		};
		862AD8D5A1E81A698A097824 /* Check Pods Manifest.lock */ = {
			isa = PBXShellScriptBuildPhase;
			buildActionMask = 2147483647;
			files = (
			);
			inputPaths = (
			);
			name = "Check Pods Manifest.lock";
			outputPaths = (
			);
			runOnlyForDeploymentPostprocessing = 0;
			shellPath = /bin/sh;
			shellScript = "diff \"${PODS_ROOT}/../Podfile.lock\" \"${PODS_ROOT}/Manifest.lock\" > /dev/null\nif [[ $? != 0 ]] ; then\n    cat << EOM\nerror: The sandbox is not in sync with the Podfile.lock. Run 'pod install' or update your CocoaPods installation.\nEOM\n    exit 1\nfi\n";
			showEnvVarsInLog = 0;
		};
		A796444D7DB6B771DBABDDFE /* Embed Pods Frameworks */ = {
			isa = PBXShellScriptBuildPhase;
			buildActionMask = 2147483647;
			files = (
			);
			inputPaths = (
			);
			name = "Embed Pods Frameworks";
			outputPaths = (
			);
			runOnlyForDeploymentPostprocessing = 0;
			shellPath = /bin/sh;
			shellScript = "\"${SRCROOT}/Pods/Target Support Files/Pods/Pods-frameworks.sh\"\n";
			showEnvVarsInLog = 0;
		};
		DE3AAAF519F09BE91932E62D /* Copy Pods Resources */ = {
			isa = PBXShellScriptBuildPhase;
			buildActionMask = 2147483647;
			files = (
			);
			inputPaths = (
			);
			name = "Copy Pods Resources";
			outputPaths = (
			);
			runOnlyForDeploymentPostprocessing = 0;
			shellPath = /bin/sh;
			shellScript = "\"${SRCROOT}/Pods/Target Support Files/Pods-UntappdAPITests/Pods-UntappdAPITests-resources.sh\"\n";
			showEnvVarsInLog = 0;
		};
/* End PBXShellScriptBuildPhase section */

/* Begin PBXSourcesBuildPhase section */
		1F6CF8461A3698C5002BDA2F /* Sources */ = {
			isa = PBXSourcesBuildPhase;
			buildActionMask = 2147483647;
			files = (
				1F6CF87F1A369CB4002BDA2F /* Untappd.swift in Sources */,
				1F6CF8521A3698C5002BDA2F /* ViewController.swift in Sources */,
				1F6CF8501A3698C5002BDA2F /* AppDelegate.swift in Sources */,
			);
			runOnlyForDeploymentPostprocessing = 0;
		};
		1F6CF85B1A3698C5002BDA2F /* Sources */ = {
			isa = PBXSourcesBuildPhase;
			buildActionMask = 2147483647;
			files = (
				1F6CF8661A3698C5002BDA2F /* UntappdAPITests.swift in Sources */,
			);
			runOnlyForDeploymentPostprocessing = 0;
		};
/* End PBXSourcesBuildPhase section */

/* Begin PBXTargetDependency section */
		1F6CF8611A3698C5002BDA2F /* PBXTargetDependency */ = {
			isa = PBXTargetDependency;
			target = 1F6CF8491A3698C5002BDA2F /* UntappdAPI */;
			targetProxy = 1F6CF8601A3698C5002BDA2F /* PBXContainerItemProxy */;
		};
/* End PBXTargetDependency section */

/* Begin PBXVariantGroup section */
		1F6CF8531A3698C5002BDA2F /* Main.storyboard */ = {
			isa = PBXVariantGroup;
			children = (
				1F6CF8541A3698C5002BDA2F /* Base */,
			);
			name = Main.storyboard;
			sourceTree = "<group>";
		};
		1F6CF8581A3698C5002BDA2F /* LaunchScreen.xib */ = {
			isa = PBXVariantGroup;
			children = (
				1F6CF8591A3698C5002BDA2F /* Base */,
			);
			name = LaunchScreen.xib;
			sourceTree = "<group>";
		};
/* End PBXVariantGroup section */

/* Begin XCBuildConfiguration section */
		1F6CF8671A3698C5002BDA2F /* Debug */ = {
			isa = XCBuildConfiguration;
			buildSettings = {
				ALWAYS_SEARCH_USER_PATHS = NO;
				CLANG_CXX_LANGUAGE_STANDARD = "gnu++0x";
				CLANG_CXX_LIBRARY = "libc++";
				CLANG_ENABLE_MODULES = YES;
				CLANG_ENABLE_OBJC_ARC = YES;
				CLANG_WARN_BOOL_CONVERSION = YES;
				CLANG_WARN_CONSTANT_CONVERSION = YES;
				CLANG_WARN_DIRECT_OBJC_ISA_USAGE = YES_ERROR;
				CLANG_WARN_EMPTY_BODY = YES;
				CLANG_WARN_ENUM_CONVERSION = YES;
				CLANG_WARN_INT_CONVERSION = YES;
				CLANG_WARN_OBJC_ROOT_CLASS = YES_ERROR;
				CLANG_WARN_UNREACHABLE_CODE = YES;
				CLANG_WARN__DUPLICATE_METHOD_MATCH = YES;
				"CODE_SIGN_IDENTITY[sdk=iphoneos*]" = "iPhone Developer";
				COPY_PHASE_STRIP = NO;
				ENABLE_STRICT_OBJC_MSGSEND = YES;
				GCC_C_LANGUAGE_STANDARD = gnu99;
				GCC_DYNAMIC_NO_PIC = NO;
				GCC_OPTIMIZATION_LEVEL = 0;
				GCC_PREPROCESSOR_DEFINITIONS = (
					"DEBUG=1",
					"$(inherited)",
				);
				GCC_SYMBOLS_PRIVATE_EXTERN = NO;
				GCC_WARN_64_TO_32_BIT_CONVERSION = YES;
				GCC_WARN_ABOUT_RETURN_TYPE = YES_ERROR;
				GCC_WARN_UNDECLARED_SELECTOR = YES;
				GCC_WARN_UNINITIALIZED_AUTOS = YES_AGGRESSIVE;
				GCC_WARN_UNUSED_FUNCTION = YES;
				GCC_WARN_UNUSED_VARIABLE = YES;
				IPHONEOS_DEPLOYMENT_TARGET = 8.1;
				MTL_ENABLE_DEBUG_INFO = YES;
				ONLY_ACTIVE_ARCH = YES;
				SDKROOT = iphoneos;
				SWIFT_OPTIMIZATION_LEVEL = "-Onone";
			};
			name = Debug;
		};
		1F6CF8681A3698C5002BDA2F /* Release */ = {
			isa = XCBuildConfiguration;
			buildSettings = {
				ALWAYS_SEARCH_USER_PATHS = NO;
				CLANG_CXX_LANGUAGE_STANDARD = "gnu++0x";
				CLANG_CXX_LIBRARY = "libc++";
				CLANG_ENABLE_MODULES = YES;
				CLANG_ENABLE_OBJC_ARC = YES;
				CLANG_WARN_BOOL_CONVERSION = YES;
				CLANG_WARN_CONSTANT_CONVERSION = YES;
				CLANG_WARN_DIRECT_OBJC_ISA_USAGE = YES_ERROR;
				CLANG_WARN_EMPTY_BODY = YES;
				CLANG_WARN_ENUM_CONVERSION = YES;
				CLANG_WARN_INT_CONVERSION = YES;
				CLANG_WARN_OBJC_ROOT_CLASS = YES_ERROR;
				CLANG_WARN_UNREACHABLE_CODE = YES;
				CLANG_WARN__DUPLICATE_METHOD_MATCH = YES;
				"CODE_SIGN_IDENTITY[sdk=iphoneos*]" = "iPhone Developer";
				COPY_PHASE_STRIP = YES;
				ENABLE_NS_ASSERTIONS = NO;
				ENABLE_STRICT_OBJC_MSGSEND = YES;
				GCC_C_LANGUAGE_STANDARD = gnu99;
				GCC_WARN_64_TO_32_BIT_CONVERSION = YES;
				GCC_WARN_ABOUT_RETURN_TYPE = YES_ERROR;
				GCC_WARN_UNDECLARED_SELECTOR = YES;
				GCC_WARN_UNINITIALIZED_AUTOS = YES_AGGRESSIVE;
				GCC_WARN_UNUSED_FUNCTION = YES;
				GCC_WARN_UNUSED_VARIABLE = YES;
				IPHONEOS_DEPLOYMENT_TARGET = 8.1;
				MTL_ENABLE_DEBUG_INFO = NO;
				SDKROOT = iphoneos;
				VALIDATE_PRODUCT = YES;
			};
			name = Release;
		};
		1F6CF86A1A3698C5002BDA2F /* Debug */ = {
			isa = XCBuildConfiguration;
			baseConfigurationReference = 24A40F648D25DB3E47EE6FC2 /* Pods.debug.xcconfig */;
			buildSettings = {
				ASSETCATALOG_COMPILER_APPICON_NAME = AppIcon;
				CLANG_ENABLE_MODULES = YES;
				CODE_SIGN_IDENTITY = "iPhone Developer";
				"CODE_SIGN_IDENTITY[sdk=iphoneos*]" = "iPhone Developer";
				INFOPLIST_FILE = UntappdAPI/Info.plist;
				IPHONEOS_DEPLOYMENT_TARGET = 8.0;
				LD_RUNPATH_SEARCH_PATHS = "$(inherited) @executable_path/Frameworks";
				PRODUCT_NAME = "$(TARGET_NAME)";
				PROVISIONING_PROFILE = "";
				SWIFT_OBJC_BRIDGING_HEADER = "UntappdAPI/UntappdAPI-Bridging-Header.h";
				SWIFT_OPTIMIZATION_LEVEL = "-Onone";
			};
			name = Debug;
		};
		1F6CF86B1A3698C5002BDA2F /* Release */ = {
			isa = XCBuildConfiguration;
			baseConfigurationReference = 1EB5F0FF04717E1D69E82755 /* Pods.release.xcconfig */;
			buildSettings = {
				ASSETCATALOG_COMPILER_APPICON_NAME = AppIcon;
				CLANG_ENABLE_MODULES = YES;
				CODE_SIGN_IDENTITY = "iPhone Developer";
				"CODE_SIGN_IDENTITY[sdk=iphoneos*]" = "iPhone Developer";
				INFOPLIST_FILE = UntappdAPI/Info.plist;
				IPHONEOS_DEPLOYMENT_TARGET = 8.0;
				LD_RUNPATH_SEARCH_PATHS = "$(inherited) @executable_path/Frameworks";
				PRODUCT_NAME = "$(TARGET_NAME)";
				PROVISIONING_PROFILE = "";
				SWIFT_OBJC_BRIDGING_HEADER = "UntappdAPI/UntappdAPI-Bridging-Header.h";
			};
			name = Release;
		};
		1F6CF86D1A3698C5002BDA2F /* Debug */ = {
			isa = XCBuildConfiguration;
			baseConfigurationReference = C3E8A5FEAC9870EF63F60687 /* Pods-UntappdAPITests.debug.xcconfig */;
			buildSettings = {
				BUNDLE_LOADER = "$(TEST_HOST)";
				FRAMEWORK_SEARCH_PATHS = (
					"$(SDKROOT)/Developer/Library/Frameworks",
					"$(inherited)",
				);
				GCC_PREPROCESSOR_DEFINITIONS = (
					"DEBUG=1",
					"$(inherited)",
				);
				INFOPLIST_FILE = UntappdAPITests/Info.plist;
				LD_RUNPATH_SEARCH_PATHS = "$(inherited) @executable_path/Frameworks @loader_path/Frameworks";
				PRODUCT_NAME = "$(TARGET_NAME)";
				TEST_HOST = "$(BUILT_PRODUCTS_DIR)/UntappdAPI.app/UntappdAPI";
			};
			name = Debug;
		};
		1F6CF86E1A3698C5002BDA2F /* Release */ = {
			isa = XCBuildConfiguration;
			baseConfigurationReference = 27658F198C0DEF378C02210F /* Pods-UntappdAPITests.release.xcconfig */;
			buildSettings = {
				BUNDLE_LOADER = "$(TEST_HOST)";
				FRAMEWORK_SEARCH_PATHS = (
					"$(SDKROOT)/Developer/Library/Frameworks",
					"$(inherited)",
				);
				INFOPLIST_FILE = UntappdAPITests/Info.plist;
				LD_RUNPATH_SEARCH_PATHS = "$(inherited) @executable_path/Frameworks @loader_path/Frameworks";
				PRODUCT_NAME = "$(TARGET_NAME)";
				TEST_HOST = "$(BUILT_PRODUCTS_DIR)/UntappdAPI.app/UntappdAPI";
			};
			name = Release;
		};
/* End XCBuildConfiguration section */

/* Begin XCConfigurationList section */
		1F6CF8451A3698C5002BDA2F /* Build configuration list for PBXProject "UntappdAPI" */ = {
			isa = XCConfigurationList;
			buildConfigurations = (
				1F6CF8671A3698C5002BDA2F /* Debug */,
				1F6CF8681A3698C5002BDA2F /* Release */,
			);
			defaultConfigurationIsVisible = 0;
			defaultConfigurationName = Release;
		};
		1F6CF8691A3698C5002BDA2F /* Build configuration list for PBXNativeTarget "UntappdAPI" */ = {
			isa = XCConfigurationList;
			buildConfigurations = (
				1F6CF86A1A3698C5002BDA2F /* Debug */,
				1F6CF86B1A3698C5002BDA2F /* Release */,
			);
			defaultConfigurationIsVisible = 0;
			defaultConfigurationName = Release;
		};
		1F6CF86C1A3698C5002BDA2F /* Build configuration list for PBXNativeTarget "UntappdAPITests" */ = {
			isa = XCConfigurationList;
			buildConfigurations = (
				1F6CF86D1A3698C5002BDA2F /* Debug */,
				1F6CF86E1A3698C5002BDA2F /* Release */,
			);
			defaultConfigurationIsVisible = 0;
			defaultConfigurationName = Release;
		};
/* End XCConfigurationList section */
	};
	rootObject = 1F6CF8421A3698C5002BDA2F /* Project object */;
}
